
Microsoft Visual Studio Solution File, Format Version 12.00
Project("{FAE04EC0-301F-11D3-BF4B-00C04F79EFBC}") = "apbd7", "apbd7.csproj", "{BCECDF51-A54E-477B-A15B-23AFBF48D368}"
EndProject
Global
	GlobalSection(SolutionConfigurationPlatforms) = preSolution
		Debug|Any CPU = Debug|Any CPU
		Release|Any CPU = Release|Any CPU
	EndGlobalSection
	GlobalSection(ProjectConfigurationPlatforms) = postSolution
		{BCECDF51-A54E-477B-A15B-23AFBF48D368}.Debug|Any CPU.ActiveCfg = Debug|Any CPU
		{BCECDF51-A54E-477B-A15B-23AFBF48D368}.Debug|Any CPU.Build.0 = Debug|Any CPU
		{BCECDF51-A54E-477B-A15B-23AFBF48D368}.Release|Any CPU.ActiveCfg = Release|Any CPU
		{BCECDF51-A54E-477B-A15B-23AFBF48D368}.Release|Any CPU.Build.0 = Release|Any CPU
	EndGlobalSection
EndGlobal
